
Microsoft Visual Studio Solution File, Format Version 12.00
# Visual Studio Version 17
VisualStudioVersion = 17.13.35913.81 d17.13
MinimumVisualStudioVersion = 10.0.40219.1
Project("{FAE04EC0-301F-11D3-BF4B-00C04F79EFBC}") = "PersonInfo", "PersonInfo.csproj", "{7952980F-2EAD-42A0-8B3E-294E9DFEBF61}"
EndProject
Project("{FAE04EC0-301F-11D3-BF4B-00C04F79EFBC}") = "PersonInfoApp", "..\PersonInfoApp\PersonInfoApp.csproj", "{6890FF1B-4ECF-446C-8F12-DFB219ABFA8A}"
EndProject
Global
	GlobalSection(SolutionConfigurationPlatforms) = preSolution
		Debug|Any CPU = Debug|Any CPU
		Release|Any CPU = Release|Any CPU
	EndGlobalSection
	GlobalSection(ProjectConfigurationPlatforms) = postSolution
		{7952980F-2EAD-42A0-8B3E-294E9DFEBF61}.Debug|Any CPU.ActiveCfg = Debug|Any CPU
		{7952980F-2EAD-42A0-8B3E-294E9DFEBF61}.Debug|Any CPU.Build.0 = Debug|Any CPU
		{7952980F-2EAD-42A0-8B3E-294E9DFEBF61}.Release|Any CPU.ActiveCfg = Release|Any CPU
		{7952980F-2EAD-42A0-8B3E-294E9DFEBF61}.Release|Any CPU.Build.0 = Release|Any CPU
		{6890FF1B-4ECF-446C-8F12-DFB219ABFA8A}.Debug|Any CPU.ActiveCfg = Debug|Any CPU
		{6890FF1B-4ECF-446C-8F12-DFB219ABFA8A}.Debug|Any CPU.Build.0 = Debug|Any CPU
		{6890FF1B-4ECF-446C-8F12-DFB219ABFA8A}.Release|Any CPU.ActiveCfg = Release|Any CPU
		{6890FF1B-4ECF-446C-8F12-DFB219ABFA8A}.Release|Any CPU.Build.0 = Release|Any CPU
	EndGlobalSection
	GlobalSection(SolutionProperties) = preSolution
		HideSolutionNode = FALSE
	EndGlobalSection
	GlobalSection(ExtensibilityGlobals) = postSolution
		SolutionGuid = {C5C781FE-0F48-4ECA-B8B0-CDADA242E3AA}
	EndGlobalSection
EndGlobal
